<Solution>
  <Folder Name="/samples/">
    <Project Path="samples/NostrNet.Sample.Console/NostrNet.Sample.Console.csproj" />
  </Folder>
  <Folder Name="/src/">
    <Project Path="src/NostrNet.Blossom/NostrNet.Blossom.csproj" />
    <Project Path="src/NostrNet.Client/NostrNet.Client.csproj" />
    <Project Path="src/NostrNet.Core/NostrNet.Core.csproj" />
    <Project Path="src/NostrNet.Crypto/NostrNet.Crypto.csproj" />
    <Project Path="src/NostrNet.Marmot.Mls.Native/NostrNet.Marmot.Mls.Native.csproj" />
    <Project Path="src/NostrNet.Marmot/NostrNet.Marmot.csproj" />
    <Project Path="src/NostrNet.Relay/NostrNet.Relay.csproj" />
  </Folder>
  <Folder Name="/tests/">
    <Project Path="tests/NostrNet.Blossom.Tests/NostrNet.Blossom.Tests.csproj" />
    <Project Path="tests/NostrNet.Core.Tests/NostrNet.Core.Tests.csproj" />
    <Project Path="tests/NostrNet.Crypto.Tests/NostrNet.Crypto.Tests.csproj" />
    <Project Path="tests/NostrNet.Marmot.Mls.Native.Tests/NostrNet.Marmot.Mls.Native.Tests.csproj" />
    <Project Path="tests/NostrNet.Marmot.Tests/NostrNet.Marmot.Tests.csproj" />
    <Project Path="tests/NostrNet.Relay.Tests/NostrNet.Relay.Tests.csproj" />
  </Folder>
</Solution>
